
Microsoft Visual Studio Solution File, Format Version 12.00
# Visual Studio 15
VisualStudioVersion = 15.0.28010.2026
MinimumVisualStudioVersion = 10.0.40219.1
Project("{FAE04EC0-301F-11D3-BF4B-00C04F79EFBC}") = "GeneralDAL.DataAccess", "GeneralDAL.DataAccess\GeneralDAL.DataAccess.csproj", "{9EA65C22-EE52-4C24-AFF4-B7E2B4C6FBEC}"
EndProject
Project("{FAE04EC0-301F-11D3-BF4B-00C04F79EFBC}") = "GeneralDAL.Common", "GeneralDAL.Common\GeneralDAL.Common.csproj", "{FA7E3816-5E30-4B32-BA6F-DAD4A55B527E}"
EndProject
Project("{FAE04EC0-301F-11D3-BF4B-00C04F79EFBC}") = "GeneralDAL.Service", "GeneralDAL.Service\GeneralDAL.Service.csproj", "{1E6B3E39-B533-4177-9F93-7F950B894D84}"
EndProject
Project("{FAE04EC0-301F-11D3-BF4B-00C04F79EFBC}") = "GeneralDAL.App", "GeneralDAL.App\GeneralDAL.App.csproj", "{C6A7A787-1BAB-4710-A9C2-85632E2B39D0}"
EndProject
Global
	GlobalSection(SolutionConfigurationPlatforms) = preSolution
		Debug|Any CPU = Debug|Any CPU
		Release|Any CPU = Release|Any CPU
	EndGlobalSection
	GlobalSection(ProjectConfigurationPlatforms) = postSolution
		{9EA65C22-EE52-4C24-AFF4-B7E2B4C6FBEC}.Debug|Any CPU.ActiveCfg = Debug|Any CPU
		{9EA65C22-EE52-4C24-AFF4-B7E2B4C6FBEC}.Debug|Any CPU.Build.0 = Debug|Any CPU
		{9EA65C22-EE52-4C24-AFF4-B7E2B4C6FBEC}.Release|Any CPU.ActiveCfg = Release|Any CPU
		{9EA65C22-EE52-4C24-AFF4-B7E2B4C6FBEC}.Release|Any CPU.Build.0 = Release|Any CPU
		{FA7E3816-5E30-4B32-BA6F-DAD4A55B527E}.Debug|Any CPU.ActiveCfg = Debug|Any CPU
		{FA7E3816-5E30-4B32-BA6F-DAD4A55B527E}.Debug|Any CPU.Build.0 = Debug|Any CPU
		{FA7E3816-5E30-4B32-BA6F-DAD4A55B527E}.Release|Any CPU.ActiveCfg = Release|Any CPU
		{FA7E3816-5E30-4B32-BA6F-DAD4A55B527E}.Release|Any CPU.Build.0 = Release|Any CPU
		{1E6B3E39-B533-4177-9F93-7F950B894D84}.Debug|Any CPU.ActiveCfg = Debug|Any CPU
		{1E6B3E39-B533-4177-9F93-7F950B894D84}.Debug|Any CPU.Build.0 = Debug|Any CPU
		{1E6B3E39-B533-4177-9F93-7F950B894D84}.Release|Any CPU.ActiveCfg = Release|Any CPU
		{1E6B3E39-B533-4177-9F93-7F950B894D84}.Release|Any CPU.Build.0 = Release|Any CPU
		{C6A7A787-1BAB-4710-A9C2-85632E2B39D0}.Debug|Any CPU.ActiveCfg = Debug|Any CPU
		{C6A7A787-1BAB-4710-A9C2-85632E2B39D0}.Debug|Any CPU.Build.0 = Debug|Any CPU
		{C6A7A787-1BAB-4710-A9C2-85632E2B39D0}.Release|Any CPU.ActiveCfg = Release|Any CPU
		{C6A7A787-1BAB-4710-A9C2-85632E2B39D0}.Release|Any CPU.Build.0 = Release|Any CPU
	EndGlobalSection
	GlobalSection(SolutionProperties) = preSolution
		HideSolutionNode = FALSE
	EndGlobalSection
	GlobalSection(ExtensibilityGlobals) = postSolution
		SolutionGuid = {C8BFAE01-F668-4277-B438-102DCB9445DA}
	EndGlobalSection
EndGlobal
